
Microsoft Visual Studio Solution File, Format Version 12.00
# Visual Studio Version 16
VisualStudioVersion = 16.0.32126.315
MinimumVisualStudioVersion = 10.0.40219.1
Project("{FAE04EC0-301F-11D3-BF4B-00C04F79EFBC}") = "1091606", "1091606\1091606.csproj", "{B23EE82E-8E25-4A25-9FAA-2FAFD2091729}"
EndProject
Global
	GlobalSection(SolutionConfigurationPlatforms) = preSolution
		Debug|Any CPU = Debug|Any CPU
		Release|Any CPU = Release|Any CPU
	EndGlobalSection
	GlobalSection(ProjectConfigurationPlatforms) = postSolution
		{B23EE82E-8E25-4A25-9FAA-2FAFD2091729}.Debug|Any CPU.ActiveCfg = Debug|Any CPU
		{B23EE82E-8E25-4A25-9FAA-2FAFD2091729}.Debug|Any CPU.Build.0 = Debug|Any CPU
		{B23EE82E-8E25-4A25-9FAA-2FAFD2091729}.Release|Any CPU.ActiveCfg = Release|Any CPU
		{B23EE82E-8E25-4A25-9FAA-2FAFD2091729}.Release|Any CPU.Build.0 = Release|Any CPU
	EndGlobalSection
	GlobalSection(SolutionProperties) = preSolution
		HideSolutionNode = FALSE
	EndGlobalSection
	GlobalSection(ExtensibilityGlobals) = postSolution
		SolutionGuid = {7EA1C879-E244-4410-A08F-3EC4D7E46D75}
	EndGlobalSection
EndGlobal
